Microsoft Visual Studio Solution File, Format Version 12.00
# Visual Studio Version 17
VisualStudioVersion = 17.5.2.0
MinimumVisualStudioVersion = 10.0.40219.1
Project("{2150E333-8FDC-42A3-9474-1A3956D46DE8}") = "Solution Items", "Solution Items", "{8EC462FD-D22E-90A8-E5CE-7E832BA40C5D}"
	ProjectSection(SolutionItems) = preProject
		docker-compose.yml = docker-compose.yml
	EndProjectSection
EndProject
Project("{FAE04EC0-301F-11D3-BF4B-00C04F79EFBC}") = "MachineSessionAgent", "MachineSessionAgent\MachineSessionAgent.csproj", "{F69964AF-924A-54DA-026B-EB99429B5A4F}"
EndProject
Project("{FAE04EC0-301F-11D3-BF4B-00C04F79EFBC}") = "DesktopMonitor", "DesktopMonitor\DesktopMonitor.csproj", "{AAD2B856-DA2C-401B-8880-152C8C814CDD}"
EndProject
Project("{FAE04EC0-301F-11D3-BF4B-00C04F79EFBC}") = "RabbitMQStuff", "RabbitMQStuff\RabbitMQStuff.csproj", "{8D91C26E-9FE6-49C0-B2BF-7FD044B1FED2}"
EndProject
Global
	GlobalSection(SolutionConfigurationPlatforms) = preSolution
		Debug|Any CPU = Debug|Any CPU
		Release|Any CPU = Release|Any CPU
	EndGlobalSection
	GlobalSection(ProjectConfigurationPlatforms) = postSolution
		{F69964AF-924A-54DA-026B-EB99429B5A4F}.Debug|Any CPU.ActiveCfg = Debug|Any CPU
		{F69964AF-924A-54DA-026B-EB99429B5A4F}.Debug|Any CPU.Build.0 = Debug|Any CPU
		{F69964AF-924A-54DA-026B-EB99429B5A4F}.Release|Any CPU.ActiveCfg = Release|Any CPU
		{F69964AF-924A-54DA-026B-EB99429B5A4F}.Release|Any CPU.Build.0 = Release|Any CPU
		{AAD2B856-DA2C-401B-8880-152C8C814CDD}.Debug|Any CPU.ActiveCfg = Debug|Any CPU
		{AAD2B856-DA2C-401B-8880-152C8C814CDD}.Debug|Any CPU.Build.0 = Debug|Any CPU
		{AAD2B856-DA2C-401B-8880-152C8C814CDD}.Release|Any CPU.ActiveCfg = Release|Any CPU
		{AAD2B856-DA2C-401B-8880-152C8C814CDD}.Release|Any CPU.Build.0 = Release|Any CPU
		{8D91C26E-9FE6-49C0-B2BF-7FD044B1FED2}.Debug|Any CPU.ActiveCfg = Debug|Any CPU
		{8D91C26E-9FE6-49C0-B2BF-7FD044B1FED2}.Debug|Any CPU.Build.0 = Debug|Any CPU
		{8D91C26E-9FE6-49C0-B2BF-7FD044B1FED2}.Release|Any CPU.ActiveCfg = Release|Any CPU
		{8D91C26E-9FE6-49C0-B2BF-7FD044B1FED2}.Release|Any CPU.Build.0 = Release|Any CPU
	EndGlobalSection
	GlobalSection(SolutionProperties) = preSolution
		HideSolutionNode = FALSE
	EndGlobalSection
	GlobalSection(ExtensibilityGlobals) = postSolution
		SolutionGuid = {AFFFD3AA-C99F-44EE-A2D8-DCE0813FD603}
	EndGlobalSection
EndGlobal
